
Microsoft Visual Studio Solution File, Format Version 12.00
# Visual Studio Version 16
VisualStudioVersion = 16.0.29806.167
MinimumVisualStudioVersion = 10.0.40219.1
Project("{9A19103F-16F7-4668-BE54-9A1E7A4F7556}") = "TestAutomation", "src\TestAutomation\TestAutomation.csproj", "{BA332009-E38C-447A-91A9-B2D5AD35C484}"
EndProject
Project("{2150E333-8FDC-42A3-9474-1A3956D46DE8}") = "test", "test", "{2A566DAD-BC45-4C83-AD7C-05E8875FC3B1}"
EndProject
Project("{9A19103F-16F7-4668-BE54-9A1E7A4F7556}") = "TAUnit.Tests", "test\TAUnit\TAUnit.Tests.csproj", "{E29AD557-C518-4891-9BB7-95B39F066059}"
EndProject
Project("{9A19103F-16F7-4668-BE54-9A1E7A4F7556}") = "TAIntegration.Tests", "test\TAIntegration\TAIntegration.Tests.csproj", "{9AB22313-6DC6-4629-B641-7CB43846280E}"
EndProject
Project("{FAE04EC0-301F-11D3-BF4B-00C04F79EFBC}") = "TAContract.Tests", "test\TAContract\TAContract.Tests.csproj", "{D6C0761E-AD45-4A88-AAFE-B20EC5015BA8}"
EndProject
Global
	GlobalSection(SolutionConfigurationPlatforms) = preSolution
		Debug|Any CPU = Debug|Any CPU
		Release|Any CPU = Release|Any CPU
	EndGlobalSection
	GlobalSection(ProjectConfigurationPlatforms) = postSolution
		{BA332009-E38C-447A-91A9-B2D5AD35C484}.Debug|Any CPU.ActiveCfg = Debug|Any CPU
		{BA332009-E38C-447A-91A9-B2D5AD35C484}.Debug|Any CPU.Build.0 = Debug|Any CPU
		{BA332009-E38C-447A-91A9-B2D5AD35C484}.Release|Any CPU.ActiveCfg = Release|Any CPU
		{BA332009-E38C-447A-91A9-B2D5AD35C484}.Release|Any CPU.Build.0 = Release|Any CPU
		{E29AD557-C518-4891-9BB7-95B39F066059}.Debug|Any CPU.ActiveCfg = Debug|Any CPU
		{E29AD557-C518-4891-9BB7-95B39F066059}.Debug|Any CPU.Build.0 = Debug|Any CPU
		{E29AD557-C518-4891-9BB7-95B39F066059}.Release|Any CPU.ActiveCfg = Release|Any CPU
		{E29AD557-C518-4891-9BB7-95B39F066059}.Release|Any CPU.Build.0 = Release|Any CPU
		{9AB22313-6DC6-4629-B641-7CB43846280E}.Debug|Any CPU.ActiveCfg = Debug|Any CPU
		{9AB22313-6DC6-4629-B641-7CB43846280E}.Debug|Any CPU.Build.0 = Debug|Any CPU
		{9AB22313-6DC6-4629-B641-7CB43846280E}.Release|Any CPU.ActiveCfg = Release|Any CPU
		{9AB22313-6DC6-4629-B641-7CB43846280E}.Release|Any CPU.Build.0 = Release|Any CPU
		{D6C0761E-AD45-4A88-AAFE-B20EC5015BA8}.Debug|Any CPU.ActiveCfg = Debug|Any CPU
		{D6C0761E-AD45-4A88-AAFE-B20EC5015BA8}.Debug|Any CPU.Build.0 = Debug|Any CPU
		{D6C0761E-AD45-4A88-AAFE-B20EC5015BA8}.Release|Any CPU.ActiveCfg = Release|Any CPU
		{D6C0761E-AD45-4A88-AAFE-B20EC5015BA8}.Release|Any CPU.Build.0 = Release|Any CPU
	EndGlobalSection
	GlobalSection(SolutionProperties) = preSolution
		HideSolutionNode = FALSE
	EndGlobalSection
	GlobalSection(NestedProjects) = preSolution
		{E29AD557-C518-4891-9BB7-95B39F066059} = {2A566DAD-BC45-4C83-AD7C-05E8875FC3B1}
		{9AB22313-6DC6-4629-B641-7CB43846280E} = {2A566DAD-BC45-4C83-AD7C-05E8875FC3B1}
		{D6C0761E-AD45-4A88-AAFE-B20EC5015BA8} = {2A566DAD-BC45-4C83-AD7C-05E8875FC3B1}
	EndGlobalSection
	GlobalSection(ExtensibilityGlobals) = postSolution
		SolutionGuid = {FC860AC3-AF65-473F-B5B5-EA3C6ED4DE6F}
	EndGlobalSection
EndGlobal
